
Microsoft Visual Studio Solution File, Format Version 12.00
# Visual Studio Version 16
VisualStudioVersion = 16.0.29709.97
MinimumVisualStudioVersion = 10.0.40219.1
Project("{FAE04EC0-301F-11D3-BF4B-00C04F79EFBC}") = "SMERSSH", "SMERSSH.csproj", "{9AAAE1FC-7575-4421-BEFA-24E75F4A1506}"
EndProject
Global
	GlobalSection(SolutionConfigurationPlatforms) = preSolution
		Debug|Any CPU = Debug|Any CPU
		Release|Any CPU = Release|Any CPU
	EndGlobalSection
	GlobalSection(ProjectConfigurationPlatforms) = postSolution
		{9AAAE1FC-7575-4421-BEFA-24E75F4A1506}.Debug|Any CPU.ActiveCfg = Debug|Any CPU
		{9AAAE1FC-7575-4421-BEFA-24E75F4A1506}.Debug|Any CPU.Build.0 = Debug|Any CPU
		{9AAAE1FC-7575-4421-BEFA-24E75F4A1506}.Release|Any CPU.ActiveCfg = Release|Any CPU
		{9AAAE1FC-7575-4421-BEFA-24E75F4A1506}.Release|Any CPU.Build.0 = Release|Any CPU
	EndGlobalSection
	GlobalSection(SolutionProperties) = preSolution
		HideSolutionNode = FALSE
	EndGlobalSection
	GlobalSection(ExtensibilityGlobals) = postSolution
		SolutionGuid = {DDD1F68F-ED51-49AF-916E-C3ABF440F5EF}
	EndGlobalSection
EndGlobal
